
Microsoft Visual Studio Solution File, Format Version 12.00
# Visual Studio Version 17
VisualStudioVersion = 17.14.36401.2 d17.14
MinimumVisualStudioVersion = 10.0.40219.1
Project("{FAE04EC0-301F-11D3-BF4B-00C04F79EFBC}") = "Task - FileSynchronizationTool", "Task - FileSynchronizationTool\Task - FileSynchronizationTool.csproj", "{70D33112-0976-4564-B6D1-8101B3E6B431}"
EndProject
Global
	GlobalSection(SolutionConfigurationPlatforms) = preSolution
		Debug|Any CPU = Debug|Any CPU
		Release|Any CPU = Release|Any CPU
	EndGlobalSection
	GlobalSection(ProjectConfigurationPlatforms) = postSolution
		{70D33112-0976-4564-B6D1-8101B3E6B431}.Debug|Any CPU.ActiveCfg = Debug|Any CPU
		{70D33112-0976-4564-B6D1-8101B3E6B431}.Debug|Any CPU.Build.0 = Debug|Any CPU
		{70D33112-0976-4564-B6D1-8101B3E6B431}.Release|Any CPU.ActiveCfg = Release|Any CPU
		{70D33112-0976-4564-B6D1-8101B3E6B431}.Release|Any CPU.Build.0 = Release|Any CPU
	EndGlobalSection
	GlobalSection(SolutionProperties) = preSolution
		HideSolutionNode = FALSE
	EndGlobalSection
	GlobalSection(ExtensibilityGlobals) = postSolution
		SolutionGuid = {5F3E8736-7672-464C-9700-093AE65C1CB0}
	EndGlobalSection
EndGlobal
